
Microsoft Visual Studio Solution File, Format Version 12.00
Project("{FAE04EC0-301F-11D3-BF4B-00C04F79EFBC}") = "examen_2", "examen_2\examen_2.csproj", "{CC260630-F624-4D0A-8BD1-96BB642969A7}"
EndProject
Global
	GlobalSection(SolutionConfigurationPlatforms) = preSolution
		Debug|Any CPU = Debug|Any CPU
		Release|Any CPU = Release|Any CPU
	EndGlobalSection
	GlobalSection(ProjectConfigurationPlatforms) = postSolution
		{CC260630-F624-4D0A-8BD1-96BB642969A7}.Debug|Any CPU.ActiveCfg = Debug|Any CPU
		{CC260630-F624-4D0A-8BD1-96BB642969A7}.Debug|Any CPU.Build.0 = Debug|Any CPU
		{CC260630-F624-4D0A-8BD1-96BB642969A7}.Release|Any CPU.ActiveCfg = Release|Any CPU
		{CC260630-F624-4D0A-8BD1-96BB642969A7}.Release|Any CPU.Build.0 = Release|Any CPU
	EndGlobalSection
EndGlobal
